
Microsoft Visual Studio Solution File, Format Version 12.00
# Visual Studio Version 17
VisualStudioVersion = 17.6.33829.357
MinimumVisualStudioVersion = 10.0.40219.1
Project("{FAE04EC0-301F-11D3-BF4B-00C04F79EFBC}") = "WebApplication462", "WebApplication462\WebApplication462.csproj", "{0D99B52B-FEB2-4E1B-A510-EE0B974C8BCE}"
EndProject
Project("{FAE04EC0-301F-11D3-BF4B-00C04F79EFBC}") = "WebApplication462Tests", "WebApplication462Tests\WebApplication462Tests.csproj", "{CEB67AB3-FED1-43FD-81A0-B2AFF803D6E2}"
EndProject
Global
	GlobalSection(SolutionConfigurationPlatforms) = preSolution
		Debug|Any CPU = Debug|Any CPU
		Release|Any CPU = Release|Any CPU
	EndGlobalSection
	GlobalSection(ProjectConfigurationPlatforms) = postSolution
		{0D99B52B-FEB2-4E1B-A510-EE0B974C8BCE}.Debug|Any CPU.ActiveCfg = Debug|Any CPU
		{0D99B52B-FEB2-4E1B-A510-EE0B974C8BCE}.Debug|Any CPU.Build.0 = Debug|Any CPU
		{0D99B52B-FEB2-4E1B-A510-EE0B974C8BCE}.Release|Any CPU.ActiveCfg = Release|Any CPU
		{0D99B52B-FEB2-4E1B-A510-EE0B974C8BCE}.Release|Any CPU.Build.0 = Release|Any CPU
		{CEB67AB3-FED1-43FD-81A0-B2AFF803D6E2}.Debug|Any CPU.ActiveCfg = Debug|Any CPU
		{CEB67AB3-FED1-43FD-81A0-B2AFF803D6E2}.Debug|Any CPU.Build.0 = Debug|Any CPU
		{CEB67AB3-FED1-43FD-81A0-B2AFF803D6E2}.Release|Any CPU.ActiveCfg = Release|Any CPU
		{CEB67AB3-FED1-43FD-81A0-B2AFF803D6E2}.Release|Any CPU.Build.0 = Release|Any CPU
	EndGlobalSection
	GlobalSection(SolutionProperties) = preSolution
		HideSolutionNode = FALSE
	EndGlobalSection
	GlobalSection(ExtensibilityGlobals) = postSolution
		SolutionGuid = {2FE95FF8-95D8-4FB7-8B1D-563E401408AB}
	EndGlobalSection
EndGlobal
